PODS:
  - Flutter (1.0.0)
  - flutter_mixpanel (0.0.1):
    - Flutter
    - Mixpanel-swift (= 2.7.0)
  - Mixpanel-swift (2.7.0):
    - Mixpanel-swift/Complete (= 2.7.0)
  - Mixpanel-swift/Complete (2.7.0)

DEPENDENCIES:
  - Flutter (from `Flutter`)
  - flutter_mixpanel (from `.symlinks/plugins/flutter_mixpanel/ios`)

SPEC REPOS:
  trunk:
    - Mixpanel-swift

EXTERNAL SOURCES:
  Flutter:
    :path: Flutter
  flutter_mixpanel:
    :path: ".symlinks/plugins/flutter_mixpanel/ios"

SPEC CHECKSUMS:
  Flutter: 0e3d915762c693b495b44d77113d4970485de6ec
  flutter_mixpanel: ab7c8827af83f4750507ba6ae94c3e88730670eb
  Mixpanel-swift: af074beb44bdac38ab611e1d575a073bbb3d6780

PODFILE CHECKSUM: 1b66dae606f75376c5f2135a8290850eeb09ae83

COCOAPODS: 1.9.0
