PODS:
  - Flutter (1.0.0)
  - flutter_mixpanel (0.0.1):
    - Flutter
    - Mixpanel-swift (= 2.7.2)
  - Mixpanel-swift (2.7.2):
    - Mixpanel-swift/Complete (= 2.7.2)
  - Mixpanel-swift/Complete (2.7.2)

DEPENDENCIES:
  - Flutter (from `Flutter`)
  - flutter_mixpanel (from `.symlinks/plugins/flutter_mixpanel/ios`)

SPEC REPOS:
  trunk:
    - Mixpanel-swift

EXTERNAL SOURCES:
  Flutter:
    :path: Flutter
  flutter_mixpanel:
    :path: ".symlinks/plugins/flutter_mixpanel/ios"

SPEC CHECKSUMS:
  Flutter: 0e3d915762c693b495b44d77113d4970485de6ec
  flutter_mixpanel: 984d4835734ee1adeb916d5e73122f19d0dd6024
  Mixpanel-swift: a807336e60a131dc91be0c110d001b4b43705703

PODFILE CHECKSUM: 1b66dae606f75376c5f2135a8290850eeb09ae83

COCOAPODS: 1.9.1
